// !$*UTF8*$!
{
	archiveVersion = 1;
	classes = {
	};
	objectVersion = 48;
	objects = {

/* Begin PBXBuildFile section */
		76DEA90C21A72CC2007B8F09 /* AppDelegate.swift in Sources */ = {isa = PBXBuildFile; fileRef = 76DEA90B21A72CC2007B8F09 /* AppDelegate.swift */; };
		76DEA90E21A72CC2007B8F09 /* ViewController.swift in Sources */ = {isa = PBXBuildFile; fileRef = 76DEA90D21A72CC2007B8F09 /* ViewController.swift */; };
		76DEA91121A72CC2007B8F09 /* Main.storyboard in Resources */ = {isa = PBXBuildFile; fileRef = 76DEA90F21A72CC2007B8F09 /* Main.storyboard */; };
		76DEA91421A72CC2007B8F09 /* FBStreamingAnimation.xcdatamodeld in Sources */ = {isa = PBXBuildFile; fileRef = 76DEA91221A72CC2007B8F09 /* FBStreamingAnimation.xcdatamodeld */; };
		76DEA91621A72CC2007B8F09 /* Assets.xcassets in Resources */ = {isa = PBXBuildFile; fileRef = 76DEA91521A72CC2007B8F09 /* Assets.xcassets */; };
		76DEA91921A72CC2007B8F09 /* LaunchScreen.storyboard in Resources */ = {isa = PBXBuildFile; fileRef = 76DEA91721A72CC2007B8F09 /* LaunchScreen.storyboard */; };
		76DEA92421A72CC2007B8F09 /* FBStreamingAnimationTests.swift in Sources */ = {isa = PBXBuildFile; fileRef = 76DEA92321A72CC2007B8F09 /* FBStreamingAnimationTests.swift */; };
		76DEA92F21A72CC2007B8F09 /* FBStreamingAnimationUITests.swift in Sources */ = {isa = PBXBuildFile; fileRef = 76DEA92E21A72CC2007B8F09 /* FBStreamingAnimationUITests.swift */; };
		76DEA93D21A73340007B8F09 /* no-excuses-best-motivational-video.mp4 in Resources */ = {isa = PBXBuildFile; fileRef = 76DEA93C21A73340007B8F09 /* no-excuses-best-motivational-video.mp4 */; };
/* End PBXBuildFile section */

/* Begin PBXContainerItemProxy section */
		76DEA92021A72CC2007B8F09 /* PBXContainerItemProxy */ = {
			isa = PBXContainerItemProxy;
			containerPortal = 76DEA90021A72CC2007B8F09 /* Project object */;
			proxyType = 1;
			remoteGlobalIDString = 76DEA90721A72CC2007B8F09;
			remoteInfo = FBStreamingAnimation;
		};
		76DEA92B21A72CC2007B8F09 /* PBXContainerItemProxy */ = {
			isa = PBXContainerItemProxy;
			containerPortal = 76DEA90021A72CC2007B8F09 /* Project object */;
			proxyType = 1;
			remoteGlobalIDString = 76DEA90721A72CC2007B8F09;
			remoteInfo = FBStreamingAnimation;
		};
/* End PBXContainerItemProxy section */

/* Begin PBXFileReference section */
		76DEA90821A72CC2007B8F09 /* FBStreamingAnimation.app */ = {isa = PBXFileReference; explicitFileType = wrapper.application; includeInIndex = 0; path = FBStreamingAnimation.app; sourceTree = BUILT_PRODUCTS_DIR; };
		76DEA90B21A72CC2007B8F09 /* AppDelegate.swift */ = {isa = PBXFileReference; lastKnownFileType = sourcecode.swift; path = AppDelegate.swift; sourceTree = "<group>"; };
		76DEA90D21A72CC2007B8F09 /* ViewController.swift */ = {isa = PBXFileReference; lastKnownFileType = sourcecode.swift; path = ViewController.swift; sourceTree = "<group>"; };
		76DEA91021A72CC2007B8F09 /* Base */ = {isa = PBXFileReference; lastKnownFileType = file.storyboard; name = Base; path = Base.lproj/Main.storyboard; sourceTree = "<group>"; };
		76DEA91321A72CC2007B8F09 /* FBStreamingAnimation.xcdatamodel */ = {isa = PBXFileReference; lastKnownFileType = wrapper.xcdatamodel; path = FBStreamingAnimation.xcdatamodel; sourceTree = "<group>"; };
		76DEA91521A72CC2007B8F09 /* Assets.xcassets */ = {isa = PBXFileReference; lastKnownFileType = folder.assetcatalog; path = Assets.xcassets; sourceTree = "<group>"; };
		76DEA91821A72CC2007B8F09 /* Base */ = {isa = PBXFileReference; lastKnownFileType = file.storyboard; name = Base; path = Base.lproj/LaunchScreen.storyboard; sourceTree = "<group>"; };
		76DEA91A21A72CC2007B8F09 /* Info.plist */ = {isa = PBXFileReference; lastKnownFileType = text.plist.xml; path = Info.plist; sourceTree = "<group>"; };
		76DEA91F21A72CC2007B8F09 /* FBStreamingAnimationTests.xctest */ = {isa = PBXFileReference; explicitFileType = wrapper.cfbundle; includeInIndex = 0; path = FBStreamingAnimationTests.xctest; sourceTree = BUILT_PRODUCTS_DIR; };
		76DEA92321A72CC2007B8F09 /* FBStreamingAnimationTests.swift */ = {isa = PBXFileReference; lastKnownFileType = sourcecode.swift; path = FBStreamingAnimationTests.swift; sourceTree = "<group>"; };
		76DEA92521A72CC2007B8F09 /* Info.plist */ = {isa = PBXFileReference; lastKnownFileType = text.plist.xml; path = Info.plist; sourceTree = "<group>"; };
		76DEA92A21A72CC2007B8F09 /* FBStreamingAnimationUITests.xctest */ = {isa = PBXFileReference; explicitFileType = wrapper.cfbundle; includeInIndex = 0; path = FBStreamingAnimationUITests.xctest; sourceTree = BUILT_PRODUCTS_DIR; };
		76DEA92E21A72CC2007B8F09 /* FBStreamingAnimationUITests.swift */ = {isa = PBXFileReference; lastKnownFileType = sourcecode.swift; path = FBStreamingAnimationUITests.swift; sourceTree = "<group>"; };
		76DEA93021A72CC2007B8F09 /* Info.plist */ = {isa = PBXFileReference; lastKnownFileType = text.plist.xml; path = Info.plist; sourceTree = "<group>"; };
		76DEA93C21A73340007B8F09 /* no-excuses-best-motivational-video.mp4 */ = {isa = PBXFileReference; lastKnownFileType = file; name = "no-excuses-best-motivational-video.mp4"; path = "FBStreamingAnimation/Media/no-excuses-best-motivational-video.mp4"; sourceTree = SOURCE_ROOT; };
/* End PBXFileReference section */

/* Begin PBXFrameworksBuildPhase section */
		76DEA90521A72CC2007B8F09 /* Frameworks */ = {
			isa = PBXFrameworksBuildPhase;
			buildActionMask = 2147483647;
			files = (
			);
			runOnlyForDeploymentPostprocessing = 0;
		};
		76DEA91C21A72CC2007B8F09 /* Frameworks */ = {
			isa = PBXFrameworksBuildPhase;
			buildActionMask = 2147483647;
			files = (
			);
			runOnlyForDeploymentPostprocessing = 0;
		};
		76DEA92721A72CC2007B8F09 /* Frameworks */ = {
			isa = PBXFrameworksBuildPhase;
			buildActionMask = 2147483647;
			files = (
			);
			runOnlyForDeploymentPostprocessing = 0;
		};
/* End PBXFrameworksBuildPhase section */

/* Begin PBXGroup section */
		76208AAF21AA11A90034E80C /* Controllers */ = {
			isa = PBXGroup;
			children = (
				76DEA90D21A72CC2007B8F09 /* ViewController.swift */,
			);
			path = Controllers;
			sourceTree = "<group>";
		};
		76208AB021AA11CA0034E80C /* Views */ = {
			isa = PBXGroup;
			children = (
				76DEA90F21A72CC2007B8F09 /* Main.storyboard */,
			);
			path = Views;
			sourceTree = "<group>";
		};
		76208AB121AA11DC0034E80C /* Media */ = {
			isa = PBXGroup;
			children = (
				76DEA93C21A73340007B8F09 /* no-excuses-best-motivational-video.mp4 */,
			);
			path = Media;
			sourceTree = "<group>";
		};
		76DEA8FF21A72CC2007B8F09 = {
			isa = PBXGroup;
			children = (
				76DEA90A21A72CC2007B8F09 /* FBStreamingAnimation */,
				76DEA92221A72CC2007B8F09 /* FBStreamingAnimationTests */,
				76DEA92D21A72CC2007B8F09 /* FBStreamingAnimationUITests */,
				76DEA90921A72CC2007B8F09 /* Products */,
			);
			sourceTree = "<group>";
		};
		76DEA90921A72CC2007B8F09 /* Products */ = {
			isa = PBXGroup;
			children = (
				76DEA90821A72CC2007B8F09 /* FBStreamingAnimation.app */,
				76DEA91F21A72CC2007B8F09 /* FBStreamingAnimationTests.xctest */,
				76DEA92A21A72CC2007B8F09 /* FBStreamingAnimationUITests.xctest */,
			);
			name = Products;
			sourceTree = "<group>";
		};
		76DEA90A21A72CC2007B8F09 /* FBStreamingAnimation */ = {
			isa = PBXGroup;
			children = (
				76208AB121AA11DC0034E80C /* Media */,
				76208AB021AA11CA0034E80C /* Views */,
				76208AAF21AA11A90034E80C /* Controllers */,
				76DEA90B21A72CC2007B8F09 /* AppDelegate.swift */,
				76DEA91521A72CC2007B8F09 /* Assets.xcassets */,
				76DEA91721A72CC2007B8F09 /* LaunchScreen.storyboard */,
				76DEA91A21A72CC2007B8F09 /* Info.plist */,
				76DEA91221A72CC2007B8F09 /* FBStreamingAnimation.xcdatamodeld */,
			);
			path = FBStreamingAnimation;
			sourceTree = "<group>";
		};
		76DEA92221A72CC2007B8F09 /* FBStreamingAnimationTests */ = {
			isa = PBXGroup;
			children = (
				76DEA92321A72CC2007B8F09 /* FBStreamingAnimationTests.swift */,
				76DEA92521A72CC2007B8F09 /* Info.plist */,
			);
			path = FBStreamingAnimationTests;
			sourceTree = "<group>";
		};
		76DEA92D21A72CC2007B8F09 /* FBStreamingAnimationUITests */ = {
			isa = PBXGroup;
			children = (
				76DEA92E21A72CC2007B8F09 /* FBStreamingAnimationUITests.swift */,
				76DEA93021A72CC2007B8F09 /* Info.plist */,
			);
			path = FBStreamingAnimationUITests;
			sourceTree = "<group>";
		};
/* End PBXGroup section */

/* Begin PBXNativeTarget section */
		76DEA90721A72CC2007B8F09 /* FBStreamingAnimation */ = {
			isa = PBXNativeTarget;
			buildConfigurationList = 76DEA93321A72CC2007B8F09 /* Build configuration list for PBXNativeTarget "FBStreamingAnimation" */;
			buildPhases = (
				76DEA90421A72CC2007B8F09 /* Sources */,
				76DEA90521A72CC2007B8F09 /* Frameworks */,
				76DEA90621A72CC2007B8F09 /* Resources */,
			);
			buildRules = (
			);
			dependencies = (
			);
			name = FBStreamingAnimation;
			productName = FBStreamingAnimation;
			productReference = 76DEA90821A72CC2007B8F09 /* FBStreamingAnimation.app */;
			productType = "com.apple.product-type.application";
		};
		76DEA91E21A72CC2007B8F09 /* FBStreamingAnimationTests */ = {
			isa = PBXNativeTarget;
			buildConfigurationList = 76DEA93621A72CC2007B8F09 /* Build configuration list for PBXNativeTarget "FBStreamingAnimationTests" */;
			buildPhases = (
				76DEA91B21A72CC2007B8F09 /* Sources */,
				76DEA91C21A72CC2007B8F09 /* Frameworks */,
				76DEA91D21A72CC2007B8F09 /* Resources */,
			);
			buildRules = (
			);
			dependencies = (
				76DEA92121A72CC2007B8F09 /* PBXTargetDependency */,
			);
			name = FBStreamingAnimationTests;
			productName = FBStreamingAnimationTests;
			productReference = 76DEA91F21A72CC2007B8F09 /* FBStreamingAnimationTests.xctest */;
			productType = "com.apple.product-type.bundle.unit-test";
		};
		76DEA92921A72CC2007B8F09 /* FBStreamingAnimationUITests */ = {
			isa = PBXNativeTarget;
			buildConfigurationList = 76DEA93921A72CC2007B8F09 /* Build configuration list for PBXNativeTarget "FBStreamingAnimationUITests" */;
			buildPhases = (
				76DEA92621A72CC2007B8F09 /* Sources */,
				76DEA92721A72CC2007B8F09 /* Frameworks */,
				76DEA92821A72CC2007B8F09 /* Resources */,
			);
			buildRules = (
			);
			dependencies = (
				76DEA92C21A72CC2007B8F09 /* PBXTargetDependency */,
			);
			name = FBStreamingAnimationUITests;
			productName = FBStreamingAnimationUITests;
			productReference = 76DEA92A21A72CC2007B8F09 /* FBStreamingAnimationUITests.xctest */;
			productType = "com.apple.product-type.bundle.ui-testing";
		};
/* End PBXNativeTarget section */

/* Begin PBXProject section */
		76DEA90021A72CC2007B8F09 /* Project object */ = {
			isa = PBXProject;
			attributes = {
				LastSwiftUpdateCheck = 0920;
				LastUpgradeCheck = 0920;
				ORGANIZATIONNAME = "MACBOOK PRO RETINA";
				TargetAttributes = {
					76DEA90721A72CC2007B8F09 = {
						CreatedOnToolsVersion = 9.2;
						ProvisioningStyle = Automatic;
					};
					76DEA91E21A72CC2007B8F09 = {
						CreatedOnToolsVersion = 9.2;
						ProvisioningStyle = Automatic;
						TestTargetID = 76DEA90721A72CC2007B8F09;
					};
					76DEA92921A72CC2007B8F09 = {
						CreatedOnToolsVersion = 9.2;
						ProvisioningStyle = Automatic;
						TestTargetID = 76DEA90721A72CC2007B8F09;
					};
				};
			};
			buildConfigurationList = 76DEA90321A72CC2007B8F09 /* Build configuration list for PBXProject "FBStreamingAnimation" */;
			compatibilityVersion = "Xcode 8.0";
			developmentRegion = en;
			hasScannedForEncodings = 0;
			knownRegions = (
				en,
				Base,
			);
			mainGroup = 76DEA8FF21A72CC2007B8F09;
			productRefGroup = 76DEA90921A72CC2007B8F09 /* Products */;
			projectDirPath = "";
			projectRoot = "";
			targets = (
				76DEA90721A72CC2007B8F09 /* FBStreamingAnimation */,
				76DEA91E21A72CC2007B8F09 /* FBStreamingAnimationTests */,
				76DEA92921A72CC2007B8F09 /* FBStreamingAnimationUITests */,
			);
		};
/* End PBXProject section */

/* Begin PBXResourcesBuildPhase section */
		76DEA90621A72CC2007B8F09 /* Resources */ = {
			isa = PBXResourcesBuildPhase;
			buildActionMask = 2147483647;
			files = (
				76DEA91921A72CC2007B8F09 /* LaunchScreen.storyboard in Resources */,
				76DEA91621A72CC2007B8F09 /* Assets.xcassets in Resources */,
				76DEA93D21A73340007B8F09 /* no-excuses-best-motivational-video.mp4 in Resources */,
				76DEA91121A72CC2007B8F09 /* Main.storyboard in Resources */,
			);
			runOnlyForDeploymentPostprocessing = 0;
		};
		76DEA91D21A72CC2007B8F09 /* Resources */ = {
			isa = PBXResourcesBuildPhase;
			buildActionMask = 2147483647;
			files = (
			);
			runOnlyForDeploymentPostprocessing = 0;
		};
		76DEA92821A72CC2007B8F09 /* Resources */ = {
			isa = PBXResourcesBuildPhase;
			buildActionMask = 2147483647;
			files = (
			);
			runOnlyForDeploymentPostprocessing = 0;
		};
/* End PBXResourcesBuildPhase section */

/* Begin PBXSourcesBuildPhase section */
		76DEA90421A72CC2007B8F09 /* Sources */ = {
			isa = PBXSourcesBuildPhase;
			buildActionMask = 2147483647;
			files = (
				76DEA90E21A72CC2007B8F09 /* ViewController.swift in Sources */,
				76DEA91421A72CC2007B8F09 /* FBStreamingAnimation.xcdatamodeld in Sources */,
				76DEA90C21A72CC2007B8F09 /* AppDelegate.swift in Sources */,
			);
			runOnlyForDeploymentPostprocessing = 0;
		};
		76DEA91B21A72CC2007B8F09 /* Sources */ = {
			isa = PBXSourcesBuildPhase;
			buildActionMask = 2147483647;
			files = (
				76DEA92421A72CC2007B8F09 /* FBStreamingAnimationTests.swift in Sources */,
			);
			runOnlyForDeploymentPostprocessing = 0;
		};
		76DEA92621A72CC2007B8F09 /* Sources */ = {
			isa = PBXSourcesBuildPhase;
			buildActionMask = 2147483647;
			files = (
				76DEA92F21A72CC2007B8F09 /* FBStreamingAnimationUITests.swift in Sources */,
			);
			runOnlyForDeploymentPostprocessing = 0;
		};
/* End PBXSourcesBuildPhase section */

/* Begin PBXTargetDependency section */
		76DEA92121A72CC2007B8F09 /* PBXTargetDependency */ = {
			isa = PBXTargetDependency;
			target = 76DEA90721A72CC2007B8F09 /* FBStreamingAnimation */;
			targetProxy = 76DEA92021A72CC2007B8F09 /* PBXContainerItemProxy */;
		};
		76DEA92C21A72CC2007B8F09 /* PBXTargetDependency */ = {
			isa = PBXTargetDependency;
			target = 76DEA90721A72CC2007B8F09 /* FBStreamingAnimation */;
			targetProxy = 76DEA92B21A72CC2007B8F09 /* PBXContainerItemProxy */;
		};
/* End PBXTargetDependency section */

/* Begin PBXVariantGroup section */
		76DEA90F21A72CC2007B8F09 /* Main.storyboard */ = {
			isa = PBXVariantGroup;
			children = (
				76DEA91021A72CC2007B8F09 /* Base */,
			);
			name = Main.storyboard;
			sourceTree = "<group>";
		};
		76DEA91721A72CC2007B8F09 /* LaunchScreen.storyboard */ = {
			isa = PBXVariantGroup;
			children = (
				76DEA91821A72CC2007B8F09 /* Base */,
			);
			name = LaunchScreen.storyboard;
			sourceTree = "<group>";
		};
/* End PBXVariantGroup section */

/* Begin XCBuildConfiguration section */
		76DEA93121A72CC2007B8F09 /* Debug */ = {
			isa = XCBuildConfiguration;
			buildSettings = {
				ALWAYS_SEARCH_USER_PATHS = NO;
				CLANG_ANALYZER_NONNULL = YES;
				CLANG_ANALYZER_NUMBER_OBJECT_CONVERSION = YES_AGGRESSIVE;
				CLANG_CXX_LANGUAGE_STANDARD = "gnu++14";
				CLANG_CXX_LIBRARY = "libc++";
				CLANG_ENABLE_MODULES = YES;
				CLANG_ENABLE_OBJC_ARC = YES;
				CLANG_WARN_BLOCK_CAPTURE_AUTORELEASING = YES;
				CLANG_WARN_BOOL_CONVERSION = YES;
				CLANG_WARN_COMMA = YES;
				CLANG_WARN_CONSTANT_CONVERSION = YES;
				CLANG_WARN_DIRECT_OBJC_ISA_USAGE = YES_ERROR;
				CLANG_WARN_DOCUMENTATION_COMMENTS = YES;
				CLANG_WARN_EMPTY_BODY = YES;
				CLANG_WARN_ENUM_CONVERSION = YES;
				CLANG_WARN_INFINITE_RECURSION = YES;
				CLANG_WARN_INT_CONVERSION = YES;
				CLANG_WARN_NON_LITERAL_NULL_CONVERSION = YES;
				CLANG_WARN_OBJC_LITERAL_CONVERSION = YES;
				CLANG_WARN_OBJC_ROOT_CLASS = YES_ERROR;
				CLANG_WARN_RANGE_LOOP_ANALYSIS = YES;
				CLANG_WARN_STRICT_PROTOTYPES = YES;
				CLANG_WARN_SUSPICIOUS_MOVE = YES;
				CLANG_WARN_UNGUARDED_AVAILABILITY = YES_AGGRESSIVE;
				CLANG_WARN_UNREACHABLE_CODE = YES;
				CLANG_WARN__DUPLICATE_METHOD_MATCH = YES;
				CODE_SIGN_IDENTITY = "iPhone Developer";
				COPY_PHASE_STRIP = NO;
				DEBUG_INFORMATION_FORMAT = dwarf;
				ENABLE_STRICT_OBJC_MSGSEND = YES;
				ENABLE_TESTABILITY = YES;
				GCC_C_LANGUAGE_STANDARD = gnu11;
				GCC_DYNAMIC_NO_PIC = NO;
				GCC_NO_COMMON_BLOCKS = YES;
				GCC_OPTIMIZATION_LEVEL = 0;
				GCC_PREPROCESSOR_DEFINITIONS = (
					"DEBUG=1",
					"$(inherited)",
				);
				GCC_WARN_64_TO_32_BIT_CONVERSION = YES;
				GCC_WARN_ABOUT_RETURN_TYPE = YES_ERROR;
				GCC_WARN_UNDECLARED_SELECTOR = YES;
				GCC_WARN_UNINITIALIZED_AUTOS = YES_AGGRESSIVE;
				GCC_WARN_UNUSED_FUNCTION = YES;
				GCC_WARN_UNUSED_VARIABLE = YES;
				IPHONEOS_DEPLOYMENT_TARGET = 11.2;
				MTL_ENABLE_DEBUG_INFO = YES;
				ONLY_ACTIVE_ARCH = YES;
				SDKROOT = iphoneos;
				SWIFT_ACTIVE_COMPILATION_CONDITIONS = DEBUG;
				SWIFT_OPTIMIZATION_LEVEL = "-Onone";
			};
			name = Debug;
		};
		76DEA93221A72CC2007B8F09 /* Release */ = {
			isa = XCBuildConfiguration;
			buildSettings = {
				ALWAYS_SEARCH_USER_PATHS = NO;
				CLANG_ANALYZER_NONNULL = YES;
				CLANG_ANALYZER_NUMBER_OBJECT_CONVERSION = YES_AGGRESSIVE;
				CLANG_CXX_LANGUAGE_STANDARD = "gnu++14";
				CLANG_CXX_LIBRARY = "libc++";
				CLANG_ENABLE_MODULES = YES;
				CLANG_ENABLE_OBJC_ARC = YES;
				CLANG_WARN_BLOCK_CAPTURE_AUTORELEASING = YES;
				CLANG_WARN_BOOL_CONVERSION = YES;
				CLANG_WARN_COMMA = YES;
				CLANG_WARN_CONSTANT_CONVERSION = YES;
				CLANG_WARN_DIRECT_OBJC_ISA_USAGE = YES_ERROR;
				CLANG_WARN_DOCUMENTATION_COMMENTS = YES;
				CLANG_WARN_EMPTY_BODY = YES;
				CLANG_WARN_ENUM_CONVERSION = YES;
				CLANG_WARN_INFINITE_RECURSION = YES;
				CLANG_WARN_INT_CONVERSION = YES;
				CLANG_WARN_NON_LITERAL_NULL_CONVERSION = YES;
				CLANG_WARN_OBJC_LITERAL_CONVERSION = YES;
				CLANG_WARN_OBJC_ROOT_CLASS = YES_ERROR;
				CLANG_WARN_RANGE_LOOP_ANALYSIS = YES;
				CLANG_WARN_STRICT_PROTOTYPES = YES;
				CLANG_WARN_SUSPICIOUS_MOVE = YES;
				CLANG_WARN_UNGUARDED_AVAILABILITY = YES_AGGRESSIVE;
				CLANG_WARN_UNREACHABLE_CODE = YES;
				CLANG_WARN__DUPLICATE_METHOD_MATCH = YES;
				CODE_SIGN_IDENTITY = "iPhone Developer";
				COPY_PHASE_STRIP = NO;
				DEBUG_INFORMATION_FORMAT = "dwarf-with-dsym";
				ENABLE_NS_ASSERTIONS = NO;
				ENABLE_STRICT_OBJC_MSGSEND = YES;
				GCC_C_LANGUAGE_STANDARD = gnu11;
				GCC_NO_COMMON_BLOCKS = YES;
				GCC_WARN_64_TO_32_BIT_CONVERSION = YES;
				GCC_WARN_ABOUT_RETURN_TYPE = YES_ERROR;
				GCC_WARN_UNDECLARED_SELECTOR = YES;
				GCC_WARN_UNINITIALIZED_AUTOS = YES_AGGRESSIVE;
				GCC_WARN_UNUSED_FUNCTION = YES;
				GCC_WARN_UNUSED_VARIABLE = YES;
				IPHONEOS_DEPLOYMENT_TARGET = 11.2;
				MTL_ENABLE_DEBUG_INFO = NO;
				SDKROOT = iphoneos;
				SWIFT_OPTIMIZATION_LEVEL = "-Owholemodule";
				VALIDATE_PRODUCT = YES;
			};
			name = Release;
		};
		76DEA93421A72CC2007B8F09 /* Debug */ = {
			isa = XCBuildConfiguration;
			buildSettings = {
				ASSETCATALOG_COMPILER_APPICON_NAME = AppIcon;
				CODE_SIGN_STYLE = Automatic;
				DEVELOPMENT_TEAM = WG5JPDZ522;
				INFOPLIST_FILE = FBStreamingAnimation/Info.plist;
				LD_RUNPATH_SEARCH_PATHS = "$(inherited) @executable_path/Frameworks";
				PRODUCT_BUNDLE_IDENTIFIER = test.FBStreamingAnimation;
				PRODUCT_NAME = "$(TARGET_NAME)";
				SWIFT_VERSION = 4.0;
				TARGETED_DEVICE_FAMILY = "1,2";
			};
			name = Debug;
		};
		76DEA93521A72CC2007B8F09 /* Release */ = {
			isa = XCBuildConfiguration;
			buildSettings = {
				ASSETCATALOG_COMPILER_APPICON_NAME = AppIcon;
				CODE_SIGN_STYLE = Automatic;
				DEVELOPMENT_TEAM = WG5JPDZ522;
				INFOPLIST_FILE = FBStreamingAnimation/Info.plist;
				LD_RUNPATH_SEARCH_PATHS = "$(inherited) @executable_path/Frameworks";
				PRODUCT_BUNDLE_IDENTIFIER = test.FBStreamingAnimation;
				PRODUCT_NAME = "$(TARGET_NAME)";
				SWIFT_VERSION = 4.0;
				TARGETED_DEVICE_FAMILY = "1,2";
			};
			name = Release;
		};
		76DEA93721A72CC2007B8F09 /* Debug */ = {
			isa = XCBuildConfiguration;
			buildSettings = {
				ALWAYS_EMBED_SWIFT_STANDARD_LIBRARIES = YES;
				BUNDLE_LOADER = "$(TEST_HOST)";
				CODE_SIGN_STYLE = Automatic;
				DEVELOPMENT_TEAM = WG5JPDZ522;
				INFOPLIST_FILE = FBStreamingAnimationTests/Info.plist;
				LD_RUNPATH_SEARCH_PATHS = "$(inherited) @executable_path/Frameworks @loader_path/Frameworks";
				PRODUCT_BUNDLE_IDENTIFIER = test.FBStreamingAnimationTests;
				PRODUCT_NAME = "$(TARGET_NAME)";
				SWIFT_VERSION = 4.0;
				TARGETED_DEVICE_FAMILY = "1,2";
				TEST_HOST = "$(BUILT_PRODUCTS_DIR)/FBStreamingAnimation.app/FBStreamingAnimation";
			};
			name = Debug;
		};
		76DEA93821A72CC2007B8F09 /* Release */ = {
			isa = XCBuildConfiguration;
			buildSettings = {
				ALWAYS_EMBED_SWIFT_STANDARD_LIBRARIES = YES;
				BUNDLE_LOADER = "$(TEST_HOST)";
				CODE_SIGN_STYLE = Automatic;
				DEVELOPMENT_TEAM = WG5JPDZ522;
				INFOPLIST_FILE = FBStreamingAnimationTests/Info.plist;
				LD_RUNPATH_SEARCH_PATHS = "$(inherited) @executable_path/Frameworks @loader_path/Frameworks";
				PRODUCT_BUNDLE_IDENTIFIER = test.FBStreamingAnimationTests;
				PRODUCT_NAME = "$(TARGET_NAME)";
				SWIFT_VERSION = 4.0;
				TARGETED_DEVICE_FAMILY = "1,2";
				TEST_HOST = "$(BUILT_PRODUCTS_DIR)/FBStreamingAnimation.app/FBStreamingAnimation";
			};
			name = Release;
		};
		76DEA93A21A72CC2007B8F09 /* Debug */ = {
			isa = XCBuildConfiguration;
			buildSettings = {
				ALWAYS_EMBED_SWIFT_STANDARD_LIBRARIES = YES;
				CODE_SIGN_STYLE = Automatic;
				DEVELOPMENT_TEAM = WG5JPDZ522;
				INFOPLIST_FILE = FBStreamingAnimationUITests/Info.plist;
				LD_RUNPATH_SEARCH_PATHS = "$(inherited) @executable_path/Frameworks @loader_path/Frameworks";
				PRODUCT_BUNDLE_IDENTIFIER = test.FBStreamingAnimationUITests;
				PRODUCT_NAME = "$(TARGET_NAME)";
				SWIFT_VERSION = 4.0;
				TARGETED_DEVICE_FAMILY = "1,2";
				TEST_TARGET_NAME = FBStreamingAnimation;
			};
			name = Debug;
		};
		76DEA93B21A72CC2007B8F09 /* Release */ = {
			isa = XCBuildConfiguration;
			buildSettings = {
				ALWAYS_EMBED_SWIFT_STANDARD_LIBRARIES = YES;
				CODE_SIGN_STYLE = Automatic;
				DEVELOPMENT_TEAM = WG5JPDZ522;
				INFOPLIST_FILE = FBStreamingAnimationUITests/Info.plist;
				LD_RUNPATH_SEARCH_PATHS = "$(inherited) @executable_path/Frameworks @loader_path/Frameworks";
				PRODUCT_BUNDLE_IDENTIFIER = test.FBStreamingAnimationUITests;
				PRODUCT_NAME = "$(TARGET_NAME)";
				SWIFT_VERSION = 4.0;
				TARGETED_DEVICE_FAMILY = "1,2";
				TEST_TARGET_NAME = FBStreamingAnimation;
			};
			name = Release;
		};
/* End XCBuildConfiguration section */

/* Begin XCConfigurationList section */
		76DEA90321A72CC2007B8F09 /* Build configuration list for PBXProject "FBStreamingAnimation" */ = {
			isa = XCConfigurationList;
			buildConfigurations = (
				76DEA93121A72CC2007B8F09 /* Debug */,
				76DEA93221A72CC2007B8F09 /* Release */,
			);
			defaultConfigurationIsVisible = 0;
			defaultConfigurationName = Release;
		};
		76DEA93321A72CC2007B8F09 /* Build configuration list for PBXNativeTarget "FBStreamingAnimation" */ = {
			isa = XCConfigurationList;
			buildConfigurations = (
				76DEA93421A72CC2007B8F09 /* Debug */,
				76DEA93521A72CC2007B8F09 /* Release */,
			);
			defaultConfigurationIsVisible = 0;
			defaultConfigurationName = Release;
		};
		76DEA93621A72CC2007B8F09 /* Build configuration list for PBXNativeTarget "FBStreamingAnimationTests" */ = {
			isa = XCConfigurationList;
			buildConfigurations = (
				76DEA93721A72CC2007B8F09 /* Debug */,
				76DEA93821A72CC2007B8F09 /* Release */,
			);
			defaultConfigurationIsVisible = 0;
			defaultConfigurationName = Release;
		};
		76DEA93921A72CC2007B8F09 /* Build configuration list for PBXNativeTarget "FBStreamingAnimationUITests" */ = {
			isa = XCConfigurationList;
			buildConfigurations = (
				76DEA93A21A72CC2007B8F09 /* Debug */,
				76DEA93B21A72CC2007B8F09 /* Release */,
			);
			defaultConfigurationIsVisible = 0;
			defaultConfigurationName = Release;
		};
/* End XCConfigurationList section */

/* Begin XCVersionGroup section */
		76DEA91221A72CC2007B8F09 /* FBStreamingAnimation.xcdatamodeld */ = {
			isa = XCVersionGroup;
			children = (
				76DEA91321A72CC2007B8F09 /* FBStreamingAnimation.xcdatamodel */,
			);
			currentVersion = 76DEA91321A72CC2007B8F09 /* FBStreamingAnimation.xcdatamodel */;
			path = FBStreamingAnimation.xcdatamodeld;
			sourceTree = "<group>";
			versionGroupType = wrapper.xcdatamodel;
		};
/* End XCVersionGroup section */
	};
	rootObject = 76DEA90021A72CC2007B8F09 /* Project object */;
}
